
Microsoft Visual Studio Solution File, Format Version 12.00
# Visual Studio Version 17
VisualStudioVersion = 17.3.32819.101
MinimumVisualStudioVersion = 10.0.40219.1
Project("{FAE04EC0-301F-11D3-BF4B-00C04F79EFBC}") = "bytebank_ADM", "bytebank_ADM\bytebank_ADM.csproj", "{1379BE30-7FD2-4D67-A3C7-BA64217A1D1F}"
EndProject
Global
	GlobalSection(SolutionConfigurationPlatforms) = preSolution
		Debug|Any CPU = Debug|Any CPU
		Release|Any CPU = Release|Any CPU
	EndGlobalSection
	GlobalSection(ProjectConfigurationPlatforms) = postSolution
		{1379BE30-7FD2-4D67-A3C7-BA64217A1D1F}.Debug|Any CPU.ActiveCfg = Debug|Any CPU
		{1379BE30-7FD2-4D67-A3C7-BA64217A1D1F}.Debug|Any CPU.Build.0 = Debug|Any CPU
		{1379BE30-7FD2-4D67-A3C7-BA64217A1D1F}.Release|Any CPU.ActiveCfg = Release|Any CPU
		{1379BE30-7FD2-4D67-A3C7-BA64217A1D1F}.Release|Any CPU.Build.0 = Release|Any CPU
	EndGlobalSection
	GlobalSection(SolutionProperties) = preSolution
		HideSolutionNode = FALSE
	EndGlobalSection
	GlobalSection(ExtensibilityGlobals) = postSolution
		SolutionGuid = {D1AF3942-FB36-454C-9AC6-68638FB26F91}
	EndGlobalSection
EndGlobal
